
Microsoft Visual Studio Solution File, Format Version 12.00
# Visual Studio Version 16
VisualStudioVersion = 16.0.28803.452
MinimumVisualStudioVersion = 10.0.40219.1
Project("{FAE04EC0-301F-11D3-BF4B-00C04F79EFBC}") = "Lesson07_01.struct", "Lesson07_01.struct\Lesson07_01.struct.csproj", "{8D319541-4113-464E-973D-9E248906687D}"
EndProject
Global
	GlobalSection(SolutionConfigurationPlatforms) = preSolution
		Debug|Any CPU = Debug|Any CPU
		Release|Any CPU = Release|Any CPU
	EndGlobalSection
	GlobalSection(ProjectConfigurationPlatforms) = postSolution
		{8D319541-4113-464E-973D-9E248906687D}.Debug|Any CPU.ActiveCfg = Debug|Any CPU
		{8D319541-4113-464E-973D-9E248906687D}.Debug|Any CPU.Build.0 = Debug|Any CPU
		{8D319541-4113-464E-973D-9E248906687D}.Release|Any CPU.ActiveCfg = Release|Any CPU
		{8D319541-4113-464E-973D-9E248906687D}.Release|Any CPU.Build.0 = Release|Any CPU
	EndGlobalSection
	GlobalSection(SolutionProperties) = preSolution
		HideSolutionNode = FALSE
	EndGlobalSection
	GlobalSection(ExtensibilityGlobals) = postSolution
		SolutionGuid = {A4F293D3-CC93-4D32-B6F2-F160D199E58C}
	EndGlobalSection
EndGlobal
